
Microsoft Visual Studio Solution File, Format Version 12.00
# Visual Studio Version 17
VisualStudioVersion = 17.8.34309.116
MinimumVisualStudioVersion = 10.0.40219.1
Project("{9A19103F-16F7-4668-BE54-9A1E7A4F7556}") = "BaseProject", "BaseProject\BaseProject.csproj", "{DDA3F0CE-E207-4082-A6FC-D8C676F60AAD}"
EndProject
Project("{9A19103F-16F7-4668-BE54-9A1E7A4F7556}") = "WebApp.Strategy", "WebApp.Strategy\WebApp.Strategy.csproj", "{638A8619-38C6-401B-AA76-C6D90C88034B}"
EndProject
Global
	GlobalSection(SolutionConfigurationPlatforms) = preSolution
		Debug|Any CPU = Debug|Any CPU
		Release|Any CPU = Release|Any CPU
	EndGlobalSection
	GlobalSection(ProjectConfigurationPlatforms) = postSolution
		{DDA3F0CE-E207-4082-A6FC-D8C676F60AAD}.Debug|Any CPU.ActiveCfg = Debug|Any CPU
		{DDA3F0CE-E207-4082-A6FC-D8C676F60AAD}.Debug|Any CPU.Build.0 = Debug|Any CPU
		{DDA3F0CE-E207-4082-A6FC-D8C676F60AAD}.Release|Any CPU.ActiveCfg = Release|Any CPU
		{DDA3F0CE-E207-4082-A6FC-D8C676F60AAD}.Release|Any CPU.Build.0 = Release|Any CPU
		{638A8619-38C6-401B-AA76-C6D90C88034B}.Debug|Any CPU.ActiveCfg = Debug|Any CPU
		{638A8619-38C6-401B-AA76-C6D90C88034B}.Debug|Any CPU.Build.0 = Debug|Any CPU
		{638A8619-38C6-401B-AA76-C6D90C88034B}.Release|Any CPU.ActiveCfg = Release|Any CPU
		{638A8619-38C6-401B-AA76-C6D90C88034B}.Release|Any CPU.Build.0 = Release|Any CPU
	EndGlobalSection
	GlobalSection(SolutionProperties) = preSolution
		HideSolutionNode = FALSE
	EndGlobalSection
	GlobalSection(ExtensibilityGlobals) = postSolution
		SolutionGuid = {6478536F-6742-4A31-A118-725CF5808FE3}
	EndGlobalSection
EndGlobal
